
Microsoft Visual Studio Solution File, Format Version 12.00
# Visual Studio Version 17
VisualStudioVersion = 17.6.33829.357
MinimumVisualStudioVersion = 10.0.40219.1
Project("{FAE04EC0-301F-11D3-BF4B-00C04F79EFBC}") = "AssistedProject_14", "AssistedProject_14\AssistedProject_14.csproj", "{BC9167EB-CE18-408C-A939-5B817EE32E95}"
EndProject
Global
	GlobalSection(SolutionConfigurationPlatforms) = preSolution
		Debug|Any CPU = Debug|Any CPU
		Release|Any CPU = Release|Any CPU
	EndGlobalSection
	GlobalSection(ProjectConfigurationPlatforms) = postSolution
		{BC9167EB-CE18-408C-A939-5B817EE32E95}.Debug|Any CPU.ActiveCfg = Debug|Any CPU
		{BC9167EB-CE18-408C-A939-5B817EE32E95}.Debug|Any CPU.Build.0 = Debug|Any CPU
		{BC9167EB-CE18-408C-A939-5B817EE32E95}.Release|Any CPU.ActiveCfg = Release|Any CPU
		{BC9167EB-CE18-408C-A939-5B817EE32E95}.Release|Any CPU.Build.0 = Release|Any CPU
	EndGlobalSection
	GlobalSection(SolutionProperties) = preSolution
		HideSolutionNode = FALSE
	EndGlobalSection
	GlobalSection(ExtensibilityGlobals) = postSolution
		SolutionGuid = {C67F5FC9-1E06-4E27-849D-FB720AAD9EC3}
	EndGlobalSection
EndGlobal
